# THIS IS AN AUTOGENERATED FILE. DO NOT EDIT THIS FILE DIRECTLY.
# yarn lockfile v1


"@types/node@^12.12.21":
  version "12.12.22"
  resolved "https://registry.yarnpkg.com/@types/node/-/node-12.12.22.tgz#b8d9eae3328b96910a373cf06ac8d3c5abe9c200"
  integrity sha512-r5i93jqbPWGXYXxianGATOxTelkp6ih/U0WVnvaqAvTqM+0U6J3kw6Xk6uq/dWNRkEVw/0SLcO5ORXbVNz4FMQ==

bigint-popcnt@^1.0.1:
  version "1.0.1"
  resolved "https://registry.yarnpkg.com/bigint-popcnt/-/bigint-popcnt-1.0.1.tgz#fb338561143f6bc82897e04d4197d65ccb815050"
  integrity sha512-M5C8W/LDasDy5u9Vg0AePC7J00jRI1AT4XScSMd64Ira0I4DhZCSXc9/jHI5LCk9Csz8iQoXHmaA04ROoDbGJA==

xxh3-ts@^1.0.2:
  version "1.0.2"
  resolved "https://registry.yarnpkg.com/xxh3-ts/-/xxh3-ts-1.0.2.tgz#b46100f6790886153e6b9644eb11db4f98dc878f"
  integrity sha512-q16q6Wq/HQrHj+HoBbhIPBVKS27r85AqlLMAVoP631m+QOX0EH2IDA0PtdOn3fwY79EGpS80oTZtf/NhrI8Yrg==
